{
  "name": "simple",
  "requires": true,
  "lockfileVersion": 1,
  "dependencies": {
    "itt": {
      "version": "0.2.6",
      "resolved": "https://registry.npmjs.org/itt/-/itt-0.2.6.tgz",
      "integrity": "sha512-AbQtJhPL/Am3Ie08oTWz4DHLtZo6q0PQ2iuBGO3Y/Ra8XLrRDSp/WupvRptDCTyRMNFrrj9DIJmoKtXBds339Q=="
    }
  }
}
